Microsoft Visual Studio Solution File, Format Version 10.00
# Visual Studio 2008
Project("{F184B08F-C81C-45F6-A57F-5ABD9991F28F}") = "VBNETMP3!", "VBNETMP3!\VBNETMP3!.vbproj", "{0274E326-9636-4FEA-ACD5-AF127D164A91}"
EndProject
Project("{54435603-DBB4-11D2-8724-00A0C9A8B90C}") = "VBNETMP3!Deployment", "VBNETMP3!Deployment\VBNETMP3!Deployment.vdproj", "{1B6034FC-14C8-4FD9-A2DA-9B6842FEF1F6}"
EndProject
Global
	GlobalSection(SolutionConfigurationPlatforms) = preSolution
		Debug|Any CPU = Debug|Any CPU
		Release|Any CPU = Release|Any CPU
	EndGlobalSection
	GlobalSection(ProjectConfigurationPlatforms) = postSolution
		{0274E326-9636-4FEA-ACD5-AF127D164A91}.Debug|Any CPU.ActiveCfg = Debug|Any CPU
		{0274E326-9636-4FEA-ACD5-AF127D164A91}.Debug|Any CPU.Build.0 = Debug|Any CPU
		{0274E326-9636-4FEA-ACD5-AF127D164A91}.Release|Any CPU.ActiveCfg = Release|Any CPU
		{0274E326-9636-4FEA-ACD5-AF127D164A91}.Release|Any CPU.Build.0 = Release|Any CPU
		{1B6034FC-14C8-4FD9-A2DA-9B6842FEF1F6}.Debug|Any CPU.ActiveCfg = Debug
		{1B6034FC-14C8-4FD9-A2DA-9B6842FEF1F6}.Release|Any CPU.ActiveCfg = Release
	EndGlobalSection
	GlobalSection(SolutionProperties) = preSolution
		HideSolutionNode = FALSE
	EndGlobalSection
EndGlobal
